
Microsoft Visual Studio Solution File, Format Version 12.00
# Visual Studio 15
VisualStudioVersion = 15.0.28010.2050
MinimumVisualStudioVersion = 10.0.40219.1
Project("{FAE04EC0-301F-11D3-BF4B-00C04F79EFBC}") = "DCICC.GestionInventarios", "DCICC.GestionInventarios\DCICC.GestionInventarios.csproj", "{09847C6A-B74B-47CD-BE74-FBBCB83A906C}"
EndProject
Project("{9A19103F-16F7-4668-BE54-9A1E7A4F7556}") = "DCICC.WebServiceInventarios", "DCICC.WebServiceInventarios\DCICC.WebServiceInventarios.csproj", "{5D447519-B52C-495E-A0B5-4D035C0042EF}"
EndProject
Project("{FAE04EC0-301F-11D3-BF4B-00C04F79EFBC}") = "DCICC.Seguridad", "DCICC.Seguridad\DCICC.Seguridad.csproj", "{9408A18F-2AEE-4140-925D-24D269EDC779}"
EndProject
Project("{FAE04EC0-301F-11D3-BF4B-00C04F79EFBC}") = "DCICC.AccesoDatos", "DCICC.AccesoDatos\DCICC.AccesoDatos.csproj", "{4BF42F57-38CF-47C0-A419-01980BFFA484}"
EndProject
Project("{FAE04EC0-301F-11D3-BF4B-00C04F79EFBC}") = "DCICC.Entidades", "DCICC.Entidades\DCICC.Entidades.csproj", "{D2311306-B491-4427-A228-51012D3865AE}"
EndProject
Global
	GlobalSection(SolutionConfigurationPlatforms) = preSolution
		Debug|Any CPU = Debug|Any CPU
		Release|Any CPU = Release|Any CPU
	EndGlobalSection
	GlobalSection(ProjectConfigurationPlatforms) = postSolution
		{09847C6A-B74B-47CD-BE74-FBBCB83A906C}.Debug|Any CPU.ActiveCfg = Debug|Any CPU
		{09847C6A-B74B-47CD-BE74-FBBCB83A906C}.Debug|Any CPU.Build.0 = Debug|Any CPU
		{09847C6A-B74B-47CD-BE74-FBBCB83A906C}.Release|Any CPU.ActiveCfg = Release|Any CPU
		{09847C6A-B74B-47CD-BE74-FBBCB83A906C}.Release|Any CPU.Build.0 = Release|Any CPU
		{5D447519-B52C-495E-A0B5-4D035C0042EF}.Debug|Any CPU.ActiveCfg = Debug|Any CPU
		{5D447519-B52C-495E-A0B5-4D035C0042EF}.Debug|Any CPU.Build.0 = Debug|Any CPU
		{5D447519-B52C-495E-A0B5-4D035C0042EF}.Release|Any CPU.ActiveCfg = Release|Any CPU
		{5D447519-B52C-495E-A0B5-4D035C0042EF}.Release|Any CPU.Build.0 = Release|Any CPU
		{9408A18F-2AEE-4140-925D-24D269EDC779}.Debug|Any CPU.ActiveCfg = Debug|Any CPU
		{9408A18F-2AEE-4140-925D-24D269EDC779}.Debug|Any CPU.Build.0 = Debug|Any CPU
		{9408A18F-2AEE-4140-925D-24D269EDC779}.Release|Any CPU.ActiveCfg = Release|Any CPU
		{9408A18F-2AEE-4140-925D-24D269EDC779}.Release|Any CPU.Build.0 = Release|Any CPU
		{4BF42F57-38CF-47C0-A419-01980BFFA484}.Debug|Any CPU.ActiveCfg = Debug|Any CPU
		{4BF42F57-38CF-47C0-A419-01980BFFA484}.Debug|Any CPU.Build.0 = Debug|Any CPU
		{4BF42F57-38CF-47C0-A419-01980BFFA484}.Release|Any CPU.ActiveCfg = Release|Any CPU
		{4BF42F57-38CF-47C0-A419-01980BFFA484}.Release|Any CPU.Build.0 = Release|Any CPU
		{D2311306-B491-4427-A228-51012D3865AE}.Debug|Any CPU.ActiveCfg = Debug|Any CPU
		{D2311306-B491-4427-A228-51012D3865AE}.Debug|Any CPU.Build.0 = Debug|Any CPU
		{D2311306-B491-4427-A228-51012D3865AE}.Release|Any CPU.ActiveCfg = Release|Any CPU
		{D2311306-B491-4427-A228-51012D3865AE}.Release|Any CPU.Build.0 = Release|Any CPU
	EndGlobalSection
	GlobalSection(SolutionProperties) = preSolution
		HideSolutionNode = FALSE
	EndGlobalSection
	GlobalSection(ExtensibilityGlobals) = postSolution
		SolutionGuid = {B85BBAE0-B247-4693-A7C5-02E84960F56E}
	EndGlobalSection
EndGlobal
